{
  "name": "abiinit",
  "version": "1.0.0",
  "lockfileVersion": 1,
  "requires": true,
  "dependencies": {
    "@tonclient/core": {
      "version": "1.13.0",
      "resolved": "https://registry.npmjs.org/@tonclient/core/-/core-1.13.0.tgz",
      "integrity": "sha512-JdDiacrYaXBeiIwz9jObrcrfELed3oz95dQjiC/7kL/VOXWTqsuu1d78zsuH2QraANbzfhLPsboLfecXcNbVJQ=="
    },
    "@tonclient/lib-node": {
      "version": "1.13.0",
      "resolved": "https://registry.npmjs.org/@tonclient/lib-node/-/lib-node-1.13.0.tgz",
      "integrity": "sha512-VNJipvt3e1/cmG1rVBM4erttLjQodFiOuCf+DQqlveDqh0ZHeBoyxBnbNq9f+tqEcBjZcVe8Wm7ivy87/Gpdyw=="
    },
    "fs": {
      "version": "0.0.1-security",
      "resolved": "https://registry.npmjs.org/fs/-/fs-0.0.1-security.tgz",
      "integrity": "sha1-invTcYa23d84E/I4WLV+yq9eQdQ="
    }
  }
}
